# This file is autogenerated, do not edit; changes may be undone by the next 'dep ensure'.


[[projects]]
  name = "github.com/paulmach/orb"
  packages = [".","geojson","internal/mercator","maptile"]
  revision = "c77a26f5d3c0cd178b029fe45ac5e2e82e0f085a"
  version = "v0.1.1"

[solve-meta]
  analyzer-name = "dep"
  analyzer-version = 1
  inputs-digest = "abff89de86a49d736f8630aed18930de84967dc988156ccb831c69aea1e6aca0"
  solver-name = "gps-cdcl"
  solver-version = 1
